
Microsoft Visual Studio Solution File, Format Version 12.00
# Visual Studio Version 17
VisualStudioVersion = 17.2.32616.157
MinimumVisualStudioVersion = 10.0.40219.1
Project("{8BC9CEB8-8B4A-11D0-8D11-00A0C91BC942}") = "Array-11-07-2022", "Array-11-07-2022.vcxproj", "{0F8007C9-7307-4A8E-9942-705BA5384448}"
EndProject
Global
	GlobalSection(SolutionConfigurationPlatforms) = preSolution
		Debug|x64 = Debug|x64
		Debug|x86 = Debug|x86
		Release|x64 = Release|x64
		Release|x86 = Release|x86
	EndGlobalSection
	GlobalSection(ProjectConfigurationPlatforms) = postSolution
		{0F8007C9-7307-4A8E-9942-705BA5384448}.Debug|x64.ActiveCfg = Debug|x64
		{0F8007C9-7307-4A8E-9942-705BA5384448}.Debug|x64.Build.0 = Debug|x64
		{0F8007C9-7307-4A8E-9942-705BA5384448}.Debug|x86.ActiveCfg = Debug|Win32
		{0F8007C9-7307-4A8E-9942-705BA5384448}.Debug|x86.Build.0 = Debug|Win32
		{0F8007C9-7307-4A8E-9942-705BA5384448}.Release|x64.ActiveCfg = Release|x64
		{0F8007C9-7307-4A8E-9942-705BA5384448}.Release|x64.Build.0 = Release|x64
		{0F8007C9-7307-4A8E-9942-705BA5384448}.Release|x86.ActiveCfg = Release|Win32
		{0F8007C9-7307-4A8E-9942-705BA5384448}.Release|x86.Build.0 = Release|Win32
	EndGlobalSection
	GlobalSection(SolutionProperties) = preSolution
		HideSolutionNode = FALSE
	EndGlobalSection
	GlobalSection(ExtensibilityGlobals) = postSolution
		SolutionGuid = {6FE71880-FF93-4F1E-9C0C-C909B5218B08}
	EndGlobalSection
EndGlobal
